// !$*UTF8*$!
{
	archiveVersion = 1;
	classes = {
	};
	objectVersion = 56;
	objects = {

/* Begin PBXBuildFile section */
		04B78FA22E2FA852004E30A0 /* FirebaseAuth in Frameworks */ = {isa = PBXBuildFile; productRef = 04B78FA12E2FA852004E30A0 /* FirebaseAuth */; };
		04B78FA42E2FA852004E30A0 /* FirebaseFirestore in Frameworks */ = {isa = PBXBuildFile; productRef = 04B78FA32E2FA852004E30A0 /* FirebaseFirestore */; };
		04B78FA62E2FA852004E30A0 /* FirebaseStorage in Frameworks */ = {isa = PBXBuildFile; productRef = 04B78FA52E2FA852004E30A0 /* FirebaseStorage */; };
		04B78FA92E2FAB0A004E30A0 /* GoogleSignIn in Frameworks */ = {isa = PBXBuildFile; productRef = 04B78FA82E2FAB0A004E30A0 /* GoogleSignIn */; };
		04B78FAB2E2FAB0A004E30A0 /* GoogleSignInSwift in Frameworks */ = {isa = PBXBuildFile; productRef = 04B78FAA2E2FAB0A004E30A0 /* GoogleSignInSwift */; };
		04B78FAD2E2FAB82004E30A0 /* GoogleService-Info.plist in Resources */ = {isa = PBXBuildFile; fileRef = 04B78FAC2E2FAB82004E30A0 /* GoogleService-Info.plist */; };
		04B78FB62E2FB8B9004E30A0 /* LoginViewController.swift in Sources */ = {isa = PBXBuildFile; fileRef = 04B78FB52E2FB8B9004E30A0 /* LoginViewController.swift */; };
		04B78FB82E2FB8DF004E30A0 /* Extension+UIApplication.swift in Sources */ = {isa = PBXBuildFile; fileRef = 04B78FB72E2FB8DF004E30A0 /* Extension+UIApplication.swift */; };
		04B78FBA2E304DA7004E30A0 /* Extension+UIViewController.swift in Sources */ = {isa = PBXBuildFile; fileRef = 04B78FB92E304DA7004E30A0 /* Extension+UIViewController.swift */; };
		04B78FBD2E306A7E004E30A0 /* ImageCollectionViewCell.swift in Sources */ = {isa = PBXBuildFile; fileRef = 04B78FBC2E306A7E004E30A0 /* ImageCollectionViewCell.swift */; };
		04B78FBF2E30F637004E30A0 /* PostViewController.swift in Sources */ = {isa = PBXBuildFile; fileRef = 04B78FBE2E30F637004E30A0 /* PostViewController.swift */; };
		04B78FC12E30F64B004E30A0 /* AccountViewController.swift in Sources */ = {isa = PBXBuildFile; fileRef = 04B78FC02E30F64B004E30A0 /* AccountViewController.swift */; };
		04B78FC32E30F6D0004E30A0 /* Post.storyboard in Resources */ = {isa = PBXBuildFile; fileRef = 04B78FC22E30F6D0004E30A0 /* Post.storyboard */; };
		04B78FC52E30F6E7004E30A0 /* Account.storyboard in Resources */ = {isa = PBXBuildFile; fileRef = 04B78FC42E30F6E7004E30A0 /* Account.storyboard */; };
		04B78FC72E30FD84004E30A0 /* TabBarController.swift in Sources */ = {isa = PBXBuildFile; fileRef = 04B78FC62E30FD84004E30A0 /* TabBarController.swift */; };
		04B78FC92E31D6A3004E30A0 /* UploadImageAndPostViewController.swift in Sources */ = {isa = PBXBuildFile; fileRef = 04B78FC82E31D6A3004E30A0 /* UploadImageAndPostViewController.swift */; };
		04B78FCB2E31DD83004E30A0 /* PostToUpload.swift in Sources */ = {isa = PBXBuildFile; fileRef = 04B78FCA2E31DD83004E30A0 /* PostToUpload.swift */; };
		E154F21A2AB1C809000BC44C /* Typography.swift in Sources */ = {isa = PBXBuildFile; fileRef = E154F2192AB1C809000BC44C /* Typography.swift */; };
		E154F21C2AB1C841000BC44C /* Extension+UIColor.swift in Sources */ = {isa = PBXBuildFile; fileRef = E154F21B2AB1C841000BC44C /* Extension+UIColor.swift */; };
		E19709B02A84D70900A76B19 /* Poppins-Medium.ttf in Resources */ = {isa = PBXBuildFile; fileRef = E19709AF2A84D70900A76B19 /* Poppins-Medium.ttf */; };
		E19709B22A84D71100A76B19 /* Poppins-Regular.ttf in Resources */ = {isa = PBXBuildFile; fileRef = E19709B12A84D71100A76B19 /* Poppins-Regular.ttf */; };
		E19709B42A84D71800A76B19 /* Poppins-SemiBold.ttf in Resources */ = {isa = PBXBuildFile; fileRef = E19709B32A84D71800A76B19 /* Poppins-SemiBold.ttf */; };
		E19709B62A84D72100A76B19 /* Poppins-Bold.ttf in Resources */ = {isa = PBXBuildFile; fileRef = E19709B52A84D72100A76B19 /* Poppins-Bold.ttf */; };
		E19709B82A84D74200A76B19 /* Poppins-Black.ttf in Resources */ = {isa = PBXBuildFile; fileRef = E19709B72A84D74200A76B19 /* Poppins-Black.ttf */; };
		E1A3671E29F9226100A1B03E /* AppDelegate.swift in Sources */ = {isa = PBXBuildFile; fileRef = E1A3671D29F9226100A1B03E /* AppDelegate.swift */; };
		E1A3672029F9226100A1B03E /* SceneDelegate.swift in Sources */ = {isa = PBXBuildFile; fileRef = E1A3671F29F9226100A1B03E /* SceneDelegate.swift */; };
		E1A3672229F9226100A1B03E /* HomeViewController.swift in Sources */ = {isa = PBXBuildFile; fileRef = E1A3672129F9226100A1B03E /* HomeViewController.swift */; };
		E1A3672529F9226100A1B03E /* Main.storyboard in Resources */ = {isa = PBXBuildFile; fileRef = E1A3672329F9226100A1B03E /* Main.storyboard */; };
		E1A3672729F9226300A1B03E /* Assets.xcassets in Resources */ = {isa = PBXBuildFile; fileRef = E1A3672629F9226300A1B03E /* Assets.xcassets */; };
		E1A3672A29F9226300A1B03E /* LaunchScreen.storyboard in Resources */ = {isa = PBXBuildFile; fileRef = E1A3672829F9226300A1B03E /* LaunchScreen.storyboard */; };
		E1A3673229F922E200A1B03E /* Auth.storyboard in Resources */ = {isa = PBXBuildFile; fileRef = E1A3673129F922E200A1B03E /* Auth.storyboard */; };
		E1FDD9142A0A4FB7006AD0DF /* PrimaryButton.swift in Sources */ = {isa = PBXBuildFile; fileRef = E1FDD9132A0A4FB7006AD0DF /* PrimaryButton.swift */; };
		E1FDD9162A0A50D4006AD0DF /* Colors.xcassets in Resources */ = {isa = PBXBuildFile; fileRef = E1FDD9152A0A50D4006AD0DF /* Colors.xcassets */; };
/* End PBXBuildFile section */

/* Begin PBXFileReference section */
		04B78FAC2E2FAB82004E30A0 /* GoogleService-Info.plist */ = {isa = PBXFileReference; lastKnownFileType = text.plist.xml; path = "GoogleService-Info.plist"; sourceTree = "<group>"; };
		04B78FB52E2FB8B9004E30A0 /* LoginViewController.swift */ = {isa = PBXFileReference; lastKnownFileType = sourcecode.swift; path = LoginViewController.swift; sourceTree = "<group>"; };
		04B78FB72E2FB8DF004E30A0 /* Extension+UIApplication.swift */ = {isa = PBXFileReference; lastKnownFileType = sourcecode.swift; path = "Extension+UIApplication.swift"; sourceTree = "<group>"; };
		04B78FB92E304DA7004E30A0 /* Extension+UIViewController.swift */ = {isa = PBXFileReference; lastKnownFileType = sourcecode.swift; path = "Extension+UIViewController.swift"; sourceTree = "<group>"; };
		04B78FBC2E306A7E004E30A0 /* ImageCollectionViewCell.swift */ = {isa = PBXFileReference; lastKnownFileType = sourcecode.swift; path = ImageCollectionViewCell.swift; sourceTree = "<group>"; };
		04B78FBE2E30F637004E30A0 /* PostViewController.swift */ = {isa = PBXFileReference; lastKnownFileType = sourcecode.swift; path = PostViewController.swift; sourceTree = "<group>"; };
		04B78FC02E30F64B004E30A0 /* AccountViewController.swift */ = {isa = PBXFileReference; lastKnownFileType = sourcecode.swift; path = AccountViewController.swift; sourceTree = "<group>"; };
		04B78FC22E30F6D0004E30A0 /* Post.storyboard */ = {isa = PBXFileReference; lastKnownFileType = file.storyboard; path = Post.storyboard; sourceTree = "<group>"; };
		04B78FC42E30F6E7004E30A0 /* Account.storyboard */ = {isa = PBXFileReference; lastKnownFileType = file.storyboard; path = Account.storyboard; sourceTree = "<group>"; };
		04B78FC62E30FD84004E30A0 /* TabBarController.swift */ = {isa = PBXFileReference; lastKnownFileType = sourcecode.swift; path = TabBarController.swift; sourceTree = "<group>"; };
		04B78FC82E31D6A3004E30A0 /* UploadImageAndPostViewController.swift */ = {isa = PBXFileReference; lastKnownFileType = sourcecode.swift; path = UploadImageAndPostViewController.swift; sourceTree = "<group>"; };
		04B78FCA2E31DD83004E30A0 /* PostToUpload.swift */ = {isa = PBXFileReference; lastKnownFileType = sourcecode.swift; path = PostToUpload.swift; sourceTree = "<group>"; };
		E154F2192AB1C809000BC44C /* Typography.swift */ = {isa = PBXFileReference; lastKnownFileType = sourcecode.swift; path = Typography.swift; sourceTree = "<group>"; };
		E154F21B2AB1C841000BC44C /* Extension+UIColor.swift */ = {isa = PBXFileReference; lastKnownFileType = sourcecode.swift; path = "Extension+UIColor.swift"; sourceTree = "<group>"; };
		E19709AF2A84D70900A76B19 /* Poppins-Medium.ttf */ = {isa = PBXFileReference; lastKnownFileType = file; path = "Poppins-Medium.ttf"; sourceTree = "<group>"; };
		E19709B12A84D71100A76B19 /* Poppins-Regular.ttf */ = {isa = PBXFileReference; lastKnownFileType = file; path = "Poppins-Regular.ttf"; sourceTree = "<group>"; };
		E19709B32A84D71800A76B19 /* Poppins-SemiBold.ttf */ = {isa = PBXFileReference; lastKnownFileType = file; path = "Poppins-SemiBold.ttf"; sourceTree = "<group>"; };
		E19709B52A84D72100A76B19 /* Poppins-Bold.ttf */ = {isa = PBXFileReference; lastKnownFileType = file; path = "Poppins-Bold.ttf"; sourceTree = "<group>"; };
		E19709B72A84D74200A76B19 /* Poppins-Black.ttf */ = {isa = PBXFileReference; lastKnownFileType = file; path = "Poppins-Black.ttf"; sourceTree = "<group>"; };
		E1A3671A29F9226100A1B03E /* SocialNetworkingApp.app */ = {isa = PBXFileReference; explicitFileType = wrapper.application; includeInIndex = 0; path = SocialNetworkingApp.app; sourceTree = BUILT_PRODUCTS_DIR; };
		E1A3671D29F9226100A1B03E /* AppDelegate.swift */ = {isa = PBXFileReference; lastKnownFileType = sourcecode.swift; path = AppDelegate.swift; sourceTree = "<group>"; };
		E1A3671F29F9226100A1B03E /* SceneDelegate.swift */ = {isa = PBXFileReference; lastKnownFileType = sourcecode.swift; path = SceneDelegate.swift; sourceTree = "<group>"; };
		E1A3672129F9226100A1B03E /* HomeViewController.swift */ = {isa = PBXFileReference; lastKnownFileType = sourcecode.swift; path = HomeViewController.swift; sourceTree = "<group>"; };
		E1A3672429F9226100A1B03E /* Base */ = {isa = PBXFileReference; lastKnownFileType = file.storyboard; name = Base; path = Base.lproj/Main.storyboard; sourceTree = "<group>"; };
		E1A3672629F9226300A1B03E /* Assets.xcassets */ = {isa = PBXFileReference; lastKnownFileType = folder.assetcatalog; path = Assets.xcassets; sourceTree = "<group>"; };
		E1A3672929F9226300A1B03E /* Base */ = {isa = PBXFileReference; lastKnownFileType = file.storyboard; name = Base; path = Base.lproj/LaunchScreen.storyboard; sourceTree = "<group>"; };
		E1A3672B29F9226300A1B03E /* Info.plist */ = {isa = PBXFileReference; lastKnownFileType = text.plist.xml; path = Info.plist; sourceTree = "<group>"; };
		E1A3673129F922E200A1B03E /* Auth.storyboard */ = {isa = PBXFileReference; lastKnownFileType = file.storyboard; path = Auth.storyboard; sourceTree = "<group>"; };
		E1FDD9132A0A4FB7006AD0DF /* PrimaryButton.swift */ = {isa = PBXFileReference; lastKnownFileType = sourcecode.swift; path = PrimaryButton.swift; sourceTree = "<group>"; };
		E1FDD9152A0A50D4006AD0DF /* Colors.xcassets */ = {isa = PBXFileReference; lastKnownFileType = folder.assetcatalog; path = Colors.xcassets; sourceTree = "<group>"; };
/* End PBXFileReference section */

/* Begin PBXFrameworksBuildPhase section */
		E1A3671729F9226100A1B03E /* Frameworks */ = {
			isa = PBXFrameworksBuildPhase;
			buildActionMask = 2147483647;
			files = (
				04B78FAB2E2FAB0A004E30A0 /* GoogleSignInSwift in Frameworks */,
				04B78FA22E2FA852004E30A0 /* FirebaseAuth in Frameworks */,
				04B78FA92E2FAB0A004E30A0 /* GoogleSignIn in Frameworks */,
				04B78FA42E2FA852004E30A0 /* FirebaseFirestore in Frameworks */,
				04B78FA62E2FA852004E30A0 /* FirebaseStorage in Frameworks */,
			);
			runOnlyForDeploymentPostprocessing = 0;
		};
/* End PBXFrameworksBuildPhase section */

/* Begin PBXGroup section */
		04B78FBB2E306A24004E30A0 /* Views */ = {
			isa = PBXGroup;
			children = (
				04B78FBC2E306A7E004E30A0 /* ImageCollectionViewCell.swift */,
			);
			path = Views;
			sourceTree = "<group>";
		};
		E11960B72A162B4A0037EA8F /* Models */ = {
			isa = PBXGroup;
			children = (
				04B78FCA2E31DD83004E30A0 /* PostToUpload.swift */,
			);
			path = Models;
			sourceTree = "<group>";
		};
		E154F2162AB1219B000BC44C /* Storyboards */ = {
			isa = PBXGroup;
			children = (
				E1A3673129F922E200A1B03E /* Auth.storyboard */,
				E1A3672329F9226100A1B03E /* Main.storyboard */,
				04B78FC22E30F6D0004E30A0 /* Post.storyboard */,
				04B78FC42E30F6E7004E30A0 /* Account.storyboard */,
			);
			path = Storyboards;
			sourceTree = "<group>";
		};
		E154F2172AB121DF000BC44C /* Components */ = {
			isa = PBXGroup;
			children = (
				E1FDD9132A0A4FB7006AD0DF /* PrimaryButton.swift */,
			);
			path = Components;
			sourceTree = "<group>";
		};
		E154F2182AB12307000BC44C /* ViewControllers */ = {
			isa = PBXGroup;
			children = (
				E1A3672129F9226100A1B03E /* HomeViewController.swift */,
				04B78FB52E2FB8B9004E30A0 /* LoginViewController.swift */,
				04B78FBE2E30F637004E30A0 /* PostViewController.swift */,
				04B78FC02E30F64B004E30A0 /* AccountViewController.swift */,
				04B78FC62E30FD84004E30A0 /* TabBarController.swift */,
				04B78FC82E31D6A3004E30A0 /* UploadImageAndPostViewController.swift */,
			);
			name = ViewControllers;
			sourceTree = "<group>";
		};
		E154F21D2AB1CCA0000BC44C /* Resources */ = {
			isa = PBXGroup;
			children = (
				E1FD31402A86E7BB00A4EDF5 /* Fonts */,
				E19709AE2A84D6F300A76B19 /* Design */,
			);
			path = Resources;
			sourceTree = "<group>";
		};
		E19709AE2A84D6F300A76B19 /* Design */ = {
			isa = PBXGroup;
			children = (
				E154F2172AB121DF000BC44C /* Components */,
				E154F2192AB1C809000BC44C /* Typography.swift */,
			);
			path = Design;
			sourceTree = "<group>";
		};
		E1A3671129F9226100A1B03E = {
			isa = PBXGroup;
			children = (
				E1A3671C29F9226100A1B03E /* SocialNetworkingApp */,
				E1A3671B29F9226100A1B03E /* Products */,
			);
			sourceTree = "<group>";
		};
		E1A3671B29F9226100A1B03E /* Products */ = {
			isa = PBXGroup;
			children = (
				E1A3671A29F9226100A1B03E /* SocialNetworkingApp.app */,
			);
			name = Products;
			sourceTree = "<group>";
		};
		E1A3671C29F9226100A1B03E /* SocialNetworkingApp */ = {
			isa = PBXGroup;
			children = (
				04B78FBB2E306A24004E30A0 /* Views */,
				E154F21D2AB1CCA0000BC44C /* Resources */,
				E154F2182AB12307000BC44C /* ViewControllers */,
				E154F2162AB1219B000BC44C /* Storyboards */,
				E11960B72A162B4A0037EA8F /* Models */,
				E1A3674F29FAB23D00A1B03E /* Extensions */,
				E1A3671D29F9226100A1B03E /* AppDelegate.swift */,
				E1A3671F29F9226100A1B03E /* SceneDelegate.swift */,
				E1A3672629F9226300A1B03E /* Assets.xcassets */,
				E1FDD9152A0A50D4006AD0DF /* Colors.xcassets */,
				04B78FAC2E2FAB82004E30A0 /* GoogleService-Info.plist */,
				E1A3672829F9226300A1B03E /* LaunchScreen.storyboard */,
				E1A3672B29F9226300A1B03E /* Info.plist */,
			);
			path = SocialNetworkingApp;
			sourceTree = "<group>";
		};
		E1A3674F29FAB23D00A1B03E /* Extensions */ = {
			isa = PBXGroup;
			children = (
				E154F21B2AB1C841000BC44C /* Extension+UIColor.swift */,
				04B78FB72E2FB8DF004E30A0 /* Extension+UIApplication.swift */,
				04B78FB92E304DA7004E30A0 /* Extension+UIViewController.swift */,
			);
			path = Extensions;
			sourceTree = "<group>";
		};
		E1FD31402A86E7BB00A4EDF5 /* Fonts */ = {
			isa = PBXGroup;
			children = (
				E19709B32A84D71800A76B19 /* Poppins-SemiBold.ttf */,
				E19709B12A84D71100A76B19 /* Poppins-Regular.ttf */,
				E19709AF2A84D70900A76B19 /* Poppins-Medium.ttf */,
				E19709B52A84D72100A76B19 /* Poppins-Bold.ttf */,
				E19709B72A84D74200A76B19 /* Poppins-Black.ttf */,
			);
			path = Fonts;
			sourceTree = "<group>";
		};
/* End PBXGroup section */

/* Begin PBXNativeTarget section */
		E1A3671929F9226100A1B03E /* SocialNetworkingApp */ = {
			isa = PBXNativeTarget;
			buildConfigurationList = E1A3672E29F9226300A1B03E /* Build configuration list for PBXNativeTarget "SocialNetworkingApp" */;
			buildPhases = (
				E1A3671629F9226100A1B03E /* Sources */,
				E1A3671729F9226100A1B03E /* Frameworks */,
				E1A3671829F9226100A1B03E /* Resources */,
			);
			buildRules = (
			);
			dependencies = (
			);
			name = SocialNetworkingApp;
			packageProductDependencies = (
				04B78FA12E2FA852004E30A0 /* FirebaseAuth */,
				04B78FA32E2FA852004E30A0 /* FirebaseFirestore */,
				04B78FA52E2FA852004E30A0 /* FirebaseStorage */,
				04B78FA82E2FAB0A004E30A0 /* GoogleSignIn */,
				04B78FAA2E2FAB0A004E30A0 /* GoogleSignInSwift */,
			);
			productName = SocialNetworkingApp;
			productReference = E1A3671A29F9226100A1B03E /* SocialNetworkingApp.app */;
			productType = "com.apple.product-type.application";
		};
/* End PBXNativeTarget section */

/* Begin PBXProject section */
		E1A3671229F9226100A1B03E /* Project object */ = {
			isa = PBXProject;
			attributes = {
				BuildIndependentTargetsInParallel = 1;
				LastSwiftUpdateCheck = 1420;
				LastUpgradeCheck = 1420;
				TargetAttributes = {
					E1A3671929F9226100A1B03E = {
						CreatedOnToolsVersion = 14.2;
					};
				};
			};
			buildConfigurationList = E1A3671529F9226100A1B03E /* Build configuration list for PBXProject "SocialNetworkingApp" */;
			compatibilityVersion = "Xcode 14.0";
			developmentRegion = en;
			hasScannedForEncodings = 0;
			knownRegions = (
				en,
				Base,
			);
			mainGroup = E1A3671129F9226100A1B03E;
			packageReferences = (
				04B78FA02E2FA852004E30A0 /* XCRemoteSwiftPackageReference "firebase-ios-sdk" */,
				04B78FA72E2FAB0A004E30A0 /* XCRemoteSwiftPackageReference "GoogleSignIn-iOS" */,
			);
			productRefGroup = E1A3671B29F9226100A1B03E /* Products */;
			projectDirPath = "";
			projectRoot = "";
			targets = (
				E1A3671929F9226100A1B03E /* SocialNetworkingApp */,
			);
		};
/* End PBXProject section */

/* Begin PBXResourcesBuildPhase section */
		E1A3671829F9226100A1B03E /* Resources */ = {
			isa = PBXResourcesBuildPhase;
			buildActionMask = 2147483647;
			files = (
				E1A3673229F922E200A1B03E /* Auth.storyboard in Resources */,
				E1A3672A29F9226300A1B03E /* LaunchScreen.storyboard in Resources */,
				E1A3672729F9226300A1B03E /* Assets.xcassets in Resources */,
				E1FDD9162A0A50D4006AD0DF /* Colors.xcassets in Resources */,
				04B78FC32E30F6D0004E30A0 /* Post.storyboard in Resources */,
				E19709B62A84D72100A76B19 /* Poppins-Bold.ttf in Resources */,
				04B78FAD2E2FAB82004E30A0 /* GoogleService-Info.plist in Resources */,
				E19709B22A84D71100A76B19 /* Poppins-Regular.ttf in Resources */,
				E19709B82A84D74200A76B19 /* Poppins-Black.ttf in Resources */,
				E19709B42A84D71800A76B19 /* Poppins-SemiBold.ttf in Resources */,
				04B78FC52E30F6E7004E30A0 /* Account.storyboard in Resources */,
				E1A3672529F9226100A1B03E /* Main.storyboard in Resources */,
				E19709B02A84D70900A76B19 /* Poppins-Medium.ttf in Resources */,
			);
			runOnlyForDeploymentPostprocessing = 0;
		};
/* End PBXResourcesBuildPhase section */

/* Begin PBXSourcesBuildPhase section */
		E1A3671629F9226100A1B03E /* Sources */ = {
			isa = PBXSourcesBuildPhase;
			buildActionMask = 2147483647;
			files = (
				04B78FB62E2FB8B9004E30A0 /* LoginViewController.swift in Sources */,
				04B78FC92E31D6A3004E30A0 /* UploadImageAndPostViewController.swift in Sources */,
				04B78FC72E30FD84004E30A0 /* TabBarController.swift in Sources */,
				E154F21A2AB1C809000BC44C /* Typography.swift in Sources */,
				04B78FC12E30F64B004E30A0 /* AccountViewController.swift in Sources */,
				04B78FB82E2FB8DF004E30A0 /* Extension+UIApplication.swift in Sources */,
				E1FDD9142A0A4FB7006AD0DF /* PrimaryButton.swift in Sources */,
				E1A3672229F9226100A1B03E /* HomeViewController.swift in Sources */,
				04B78FBA2E304DA7004E30A0 /* Extension+UIViewController.swift in Sources */,
				04B78FBD2E306A7E004E30A0 /* ImageCollectionViewCell.swift in Sources */,
				E1A3671E29F9226100A1B03E /* AppDelegate.swift in Sources */,
				E1A3672029F9226100A1B03E /* SceneDelegate.swift in Sources */,
				04B78FCB2E31DD83004E30A0 /* PostToUpload.swift in Sources */,
				E154F21C2AB1C841000BC44C /* Extension+UIColor.swift in Sources */,
				04B78FBF2E30F637004E30A0 /* PostViewController.swift in Sources */,
			);
			runOnlyForDeploymentPostprocessing = 0;
		};
/* End PBXSourcesBuildPhase section */

/* Begin PBXVariantGroup section */
		E1A3672329F9226100A1B03E /* Main.storyboard */ = {
			isa = PBXVariantGroup;
			children = (
				E1A3672429F9226100A1B03E /* Base */,
			);
			name = Main.storyboard;
			sourceTree = "<group>";
		};
		E1A3672829F9226300A1B03E /* LaunchScreen.storyboard */ = {
			isa = PBXVariantGroup;
			children = (
				E1A3672929F9226300A1B03E /* Base */,
			);
			name = LaunchScreen.storyboard;
			sourceTree = "<group>";
		};
/* End PBXVariantGroup section */

/* Begin XCBuildConfiguration section */
		E1A3672C29F9226300A1B03E /* Debug */ = {
			isa = XCBuildConfiguration;
			buildSettings = {
				ALWAYS_SEARCH_USER_PATHS = NO;
				CLANG_ANALYZER_NONNULL = YES;
				CLANG_ANALYZER_NUMBER_OBJECT_CONVERSION = YES_AGGRESSIVE;
				CLANG_CXX_LANGUAGE_STANDARD = "gnu++20";
				CLANG_ENABLE_MODULES = YES;
				CLANG_ENABLE_OBJC_ARC = YES;
				CLANG_ENABLE_OBJC_WEAK = YES;
				CLANG_WARN_BLOCK_CAPTURE_AUTORELEASING = YES;
				CLANG_WARN_BOOL_CONVERSION = YES;
				CLANG_WARN_COMMA = YES;
				CLANG_WARN_CONSTANT_CONVERSION = YES;
				CLANG_WARN_DEPRECATED_OBJC_IMPLEMENTATIONS = YES;
				CLANG_WARN_DIRECT_OBJC_ISA_USAGE = YES_ERROR;
				CLANG_WARN_DOCUMENTATION_COMMENTS = YES;
				CLANG_WARN_EMPTY_BODY = YES;
				CLANG_WARN_ENUM_CONVERSION = YES;
				CLANG_WARN_INFINITE_RECURSION = YES;
				CLANG_WARN_INT_CONVERSION = YES;
				CLANG_WARN_NON_LITERAL_NULL_CONVERSION = YES;
				CLANG_WARN_OBJC_IMPLICIT_RETAIN_SELF = YES;
				CLANG_WARN_OBJC_LITERAL_CONVERSION = YES;
				CLANG_WARN_OBJC_ROOT_CLASS = YES_ERROR;
				CLANG_WARN_QUOTED_INCLUDE_IN_FRAMEWORK_HEADER = YES;
				CLANG_WARN_RANGE_LOOP_ANALYSIS = YES;
				CLANG_WARN_STRICT_PROTOTYPES = YES;
				CLANG_WARN_SUSPICIOUS_MOVE = YES;
				CLANG_WARN_UNGUARDED_AVAILABILITY = YES_AGGRESSIVE;
				CLANG_WARN_UNREACHABLE_CODE = YES;
				CLANG_WARN__DUPLICATE_METHOD_MATCH = YES;
				COPY_PHASE_STRIP = NO;
				DEBUG_INFORMATION_FORMAT = dwarf;
				ENABLE_STRICT_OBJC_MSGSEND = YES;
				ENABLE_TESTABILITY = YES;
				GCC_C_LANGUAGE_STANDARD = gnu11;
				GCC_DYNAMIC_NO_PIC = NO;
				GCC_NO_COMMON_BLOCKS = YES;
				GCC_OPTIMIZATION_LEVEL = 0;
				GCC_PREPROCESSOR_DEFINITIONS = (
					"DEBUG=1",
					"$(inherited)",
				);
				GCC_WARN_64_TO_32_BIT_CONVERSION = YES;
				GCC_WARN_ABOUT_RETURN_TYPE = YES_ERROR;
				GCC_WARN_UNDECLARED_SELECTOR = YES;
				GCC_WARN_UNINITIALIZED_AUTOS = YES_AGGRESSIVE;
				GCC_WARN_UNUSED_FUNCTION = YES;
				GCC_WARN_UNUSED_VARIABLE = YES;
				IPHONEOS_DEPLOYMENT_TARGET = 16.2;
				MTL_ENABLE_DEBUG_INFO = INCLUDE_SOURCE;
				MTL_FAST_MATH = YES;
				ONLY_ACTIVE_ARCH = YES;
				SDKROOT = iphoneos;
				SWIFT_ACTIVE_COMPILATION_CONDITIONS = DEBUG;
				SWIFT_OPTIMIZATION_LEVEL = "-Onone";
			};
			name = Debug;
		};
		E1A3672D29F9226300A1B03E /* Release */ = {
			isa = XCBuildConfiguration;
			buildSettings = {
				ALWAYS_SEARCH_USER_PATHS = NO;
				CLANG_ANALYZER_NONNULL = YES;
				CLANG_ANALYZER_NUMBER_OBJECT_CONVERSION = YES_AGGRESSIVE;
				CLANG_CXX_LANGUAGE_STANDARD = "gnu++20";
				CLANG_ENABLE_MODULES = YES;
				CLANG_ENABLE_OBJC_ARC = YES;
				CLANG_ENABLE_OBJC_WEAK = YES;
				CLANG_WARN_BLOCK_CAPTURE_AUTORELEASING = YES;
				CLANG_WARN_BOOL_CONVERSION = YES;
				CLANG_WARN_COMMA = YES;
				CLANG_WARN_CONSTANT_CONVERSION = YES;
				CLANG_WARN_DEPRECATED_OBJC_IMPLEMENTATIONS = YES;
				CLANG_WARN_DIRECT_OBJC_ISA_USAGE = YES_ERROR;
				CLANG_WARN_DOCUMENTATION_COMMENTS = YES;
				CLANG_WARN_EMPTY_BODY = YES;
				CLANG_WARN_ENUM_CONVERSION = YES;
				CLANG_WARN_INFINITE_RECURSION = YES;
				CLANG_WARN_INT_CONVERSION = YES;
				CLANG_WARN_NON_LITERAL_NULL_CONVERSION = YES;
				CLANG_WARN_OBJC_IMPLICIT_RETAIN_SELF = YES;
				CLANG_WARN_OBJC_LITERAL_CONVERSION = YES;
				CLANG_WARN_OBJC_ROOT_CLASS = YES_ERROR;
				CLANG_WARN_QUOTED_INCLUDE_IN_FRAMEWORK_HEADER = YES;
				CLANG_WARN_RANGE_LOOP_ANALYSIS = YES;
				CLANG_WARN_STRICT_PROTOTYPES = YES;
				CLANG_WARN_SUSPICIOUS_MOVE = YES;
				CLANG_WARN_UNGUARDED_AVAILABILITY = YES_AGGRESSIVE;
				CLANG_WARN_UNREACHABLE_CODE = YES;
				CLANG_WARN__DUPLICATE_METHOD_MATCH = YES;
				COPY_PHASE_STRIP = NO;
				DEBUG_INFORMATION_FORMAT = "dwarf-with-dsym";
				ENABLE_NS_ASSERTIONS = NO;
				ENABLE_STRICT_OBJC_MSGSEND = YES;
				GCC_C_LANGUAGE_STANDARD = gnu11;
				GCC_NO_COMMON_BLOCKS = YES;
				GCC_WARN_64_TO_32_BIT_CONVERSION = YES;
				GCC_WARN_ABOUT_RETURN_TYPE = YES_ERROR;
				GCC_WARN_UNDECLARED_SELECTOR = YES;
				GCC_WARN_UNINITIALIZED_AUTOS = YES_AGGRESSIVE;
				GCC_WARN_UNUSED_FUNCTION = YES;
				GCC_WARN_UNUSED_VARIABLE = YES;
				IPHONEOS_DEPLOYMENT_TARGET = 16.2;
				MTL_ENABLE_DEBUG_INFO = NO;
				MTL_FAST_MATH = YES;
				SDKROOT = iphoneos;
				SWIFT_COMPILATION_MODE = wholemodule;
				SWIFT_OPTIMIZATION_LEVEL = "-O";
				VALIDATE_PRODUCT = YES;
			};
			name = Release;
		};
		E1A3672F29F9226300A1B03E /* Debug */ = {
			isa = XCBuildConfiguration;
			buildSettings = {
				ASSETCATALOG_COMPILER_APPICON_NAME = AppIcon;
				ASSETCATALOG_COMPILER_GLOBAL_ACCENT_COLOR_NAME = AccentColor;
				CODE_SIGN_STYLE = Automatic;
				CURRENT_PROJECT_VERSION = 1;
				DEVELOPMENT_TEAM = "";
				GENERATE_INFOPLIST_FILE = YES;
				INFOPLIST_FILE = SocialNetworkingApp/Info.plist;
				INFOPLIST_KEY_LSApplicationCategoryType = "public.app-category.social-networking";
				INFOPLIST_KEY_UIApplicationSupportsIndirectInputEvents = YES;
				INFOPLIST_KEY_UILaunchStoryboardName = LaunchScreen;
				INFOPLIST_KEY_UIMainStoryboardFile = Main;
				INFOPLIST_KEY_UISupportedInterfaceOrientations = UIInterfaceOrientationPortrait;
				INFOPLIST_KEY_UISupportedInterfaceOrientations_iPad = "UIInterfaceOrientationLandscapeLeft UIInterfaceOrientationLandscapeRight UIInterfaceOrientationPortrait UIInterfaceOrientationPortraitUpsideDown";
				LD_RUNPATH_SEARCH_PATHS = (
					"$(inherited)",
					"@executable_path/Frameworks",
				);
				MARKETING_VERSION = 1.0;
				PRODUCT_BUNDLE_IDENTIFIER = fullstacktuts.com.SocialNetworkingApp;
				PRODUCT_NAME = "$(TARGET_NAME)";
				SUPPORTED_PLATFORMS = "iphoneos iphonesimulator";
				SUPPORTS_MACCATALYST = NO;
				SUPPORTS_MAC_DESIGNED_FOR_IPHONE_IPAD = NO;
				SUPPORTS_XR_DESIGNED_FOR_IPHONE_IPAD = NO;
				SWIFT_EMIT_LOC_STRINGS = YES;
				SWIFT_VERSION = 5.0;
				TARGETED_DEVICE_FAMILY = 1;
			};
			name = Debug;
		};
		E1A3673029F9226300A1B03E /* Release */ = {
			isa = XCBuildConfiguration;
			buildSettings = {
				ASSETCATALOG_COMPILER_APPICON_NAME = AppIcon;
				ASSETCATALOG_COMPILER_GLOBAL_ACCENT_COLOR_NAME = AccentColor;
				CODE_SIGN_STYLE = Automatic;
				CURRENT_PROJECT_VERSION = 1;
				DEVELOPMENT_TEAM = "";
				GENERATE_INFOPLIST_FILE = YES;
				INFOPLIST_FILE = SocialNetworkingApp/Info.plist;
				INFOPLIST_KEY_LSApplicationCategoryType = "public.app-category.social-networking";
				INFOPLIST_KEY_UIApplicationSupportsIndirectInputEvents = YES;
				INFOPLIST_KEY_UILaunchStoryboardName = LaunchScreen;
				INFOPLIST_KEY_UIMainStoryboardFile = Main;
				INFOPLIST_KEY_UISupportedInterfaceOrientations = UIInterfaceOrientationPortrait;
				INFOPLIST_KEY_UISupportedInterfaceOrientations_iPad = "UIInterfaceOrientationLandscapeLeft UIInterfaceOrientationLandscapeRight UIInterfaceOrientationPortrait UIInterfaceOrientationPortraitUpsideDown";
				LD_RUNPATH_SEARCH_PATHS = (
					"$(inherited)",
					"@executable_path/Frameworks",
				);
				MARKETING_VERSION = 1.0;
				PRODUCT_BUNDLE_IDENTIFIER = fullstacktuts.com.SocialNetworkingApp;
				PRODUCT_NAME = "$(TARGET_NAME)";
				SUPPORTED_PLATFORMS = "iphoneos iphonesimulator";
				SUPPORTS_MACCATALYST = NO;
				SUPPORTS_MAC_DESIGNED_FOR_IPHONE_IPAD = NO;
				SUPPORTS_XR_DESIGNED_FOR_IPHONE_IPAD = NO;
				SWIFT_EMIT_LOC_STRINGS = YES;
				SWIFT_VERSION = 5.0;
				TARGETED_DEVICE_FAMILY = 1;
			};
			name = Release;
		};
/* End XCBuildConfiguration section */

/* Begin XCConfigurationList section */
		E1A3671529F9226100A1B03E /* Build configuration list for PBXProject "SocialNetworkingApp" */ = {
			isa = XCConfigurationList;
			buildConfigurations = (
				E1A3672C29F9226300A1B03E /* Debug */,
				E1A3672D29F9226300A1B03E /* Release */,
			);
			defaultConfigurationIsVisible = 0;
			defaultConfigurationName = Release;
		};
		E1A3672E29F9226300A1B03E /* Build configuration list for PBXNativeTarget "SocialNetworkingApp" */ = {
			isa = XCConfigurationList;
			buildConfigurations = (
				E1A3672F29F9226300A1B03E /* Debug */,
				E1A3673029F9226300A1B03E /* Release */,
			);
			defaultConfigurationIsVisible = 0;
			defaultConfigurationName = Release;
		};
/* End XCConfigurationList section */

/* Begin XCRemoteSwiftPackageReference section */
		04B78FA02E2FA852004E30A0 /* XCRemoteSwiftPackageReference "firebase-ios-sdk" */ = {
			isa = XCRemoteSwiftPackageReference;
			repositoryURL = "https://github.com/firebase/firebase-ios-sdk";
			requirement = {
				kind = upToNextMajorVersion;
				minimumVersion = 12.0.0;
			};
		};
		04B78FA72E2FAB0A004E30A0 /* XCRemoteSwiftPackageReference "GoogleSignIn-iOS" */ = {
			isa = XCRemoteSwiftPackageReference;
			repositoryURL = "https://github.com/google/GoogleSignIn-iOS";
			requirement = {
				kind = upToNextMajorVersion;
				minimumVersion = 9.0.0;
			};
		};
/* End XCRemoteSwiftPackageReference section */

/* Begin XCSwiftPackageProductDependency section */
		04B78FA12E2FA852004E30A0 /* FirebaseAuth */ = {
			isa = XCSwiftPackageProductDependency;
			package = 04B78FA02E2FA852004E30A0 /* XCRemoteSwiftPackageReference "firebase-ios-sdk" */;
			productName = FirebaseAuth;
		};
		04B78FA32E2FA852004E30A0 /* FirebaseFirestore */ = {
			isa = XCSwiftPackageProductDependency;
			package = 04B78FA02E2FA852004E30A0 /* XCRemoteSwiftPackageReference "firebase-ios-sdk" */;
			productName = FirebaseFirestore;
		};
		04B78FA52E2FA852004E30A0 /* FirebaseStorage */ = {
			isa = XCSwiftPackageProductDependency;
			package = 04B78FA02E2FA852004E30A0 /* XCRemoteSwiftPackageReference "firebase-ios-sdk" */;
			productName = FirebaseStorage;
		};
		04B78FA82E2FAB0A004E30A0 /* GoogleSignIn */ = {
			isa = XCSwiftPackageProductDependency;
			package = 04B78FA72E2FAB0A004E30A0 /* XCRemoteSwiftPackageReference "GoogleSignIn-iOS" */;
			productName = GoogleSignIn;
		};
		04B78FAA2E2FAB0A004E30A0 /* GoogleSignInSwift */ = {
			isa = XCSwiftPackageProductDependency;
			package = 04B78FA72E2FAB0A004E30A0 /* XCRemoteSwiftPackageReference "GoogleSignIn-iOS" */;
			productName = GoogleSignInSwift;
		};
/* End XCSwiftPackageProductDependency section */
	};
	rootObject = E1A3671229F9226100A1B03E /* Project object */;
}
