// !$*UTF8*$!
{
	archiveVersion = 1;
	classes = {
	};
	objectVersion = 77;
	objects = {

/* Begin PBXBuildFile section */
		048D7AAC2D87241B009FF66E /* Penson+CoreDataProperties.swift in Sources */ = {isa = PBXBuildFile; fileRef = 048D7AAB2D87241B009FF66E /* Penson+CoreDataProperties.swift */; };
		048D7AAD2D87241B009FF66E /* Family+CoreDataClass.swift in Sources */ = {isa = PBXBuildFile; fileRef = 048D7AA82D87241B009FF66E /* Family+CoreDataClass.swift */; };
		048D7AAE2D87241B009FF66E /* Family+CoreDataProperties.swift in Sources */ = {isa = PBXBuildFile; fileRef = 048D7AA92D87241B009FF66E /* Family+CoreDataProperties.swift */; };
		048D7AAF2D87241B009FF66E /* Penson+CoreDataClass.swift in Sources */ = {isa = PBXBuildFile; fileRef = 048D7AAA2D87241B009FF66E /* Penson+CoreDataClass.swift */; };
/* End PBXBuildFile section */

/* Begin PBXContainerItemProxy section */
		048D7A8C2D8723A7009FF66E /* PBXContainerItemProxy */ = {
			isa = PBXContainerItemProxy;
			containerPortal = 048D7A6E2D8723A5009FF66E /* Project object */;
			proxyType = 1;
			remoteGlobalIDString = 048D7A752D8723A5009FF66E;
			remoteInfo = CoreData_test;
		};
		048D7A962D8723A7009FF66E /* PBXContainerItemProxy */ = {
			isa = PBXContainerItemProxy;
			containerPortal = 048D7A6E2D8723A5009FF66E /* Project object */;
			proxyType = 1;
			remoteGlobalIDString = 048D7A752D8723A5009FF66E;
			remoteInfo = CoreData_test;
		};
/* End PBXContainerItemProxy section */

/* Begin PBXFileReference section */
		048D7A762D8723A5009FF66E /* CoreData_test.app */ = {isa = PBXFileReference; explicitFileType = wrapper.application; includeInIndex = 0; path = CoreData_test.app; sourceTree = BUILT_PRODUCTS_DIR; };
		048D7A8B2D8723A7009FF66E /* CoreData_testTests.xctest */ = {isa = PBXFileReference; explicitFileType = wrapper.cfbundle; includeInIndex = 0; path = CoreData_testTests.xctest; sourceTree = BUILT_PRODUCTS_DIR; };
		048D7A952D8723A7009FF66E /* CoreData_testUITests.xctest */ = {isa = PBXFileReference; explicitFileType = wrapper.cfbundle; includeInIndex = 0; path = CoreData_testUITests.xctest; sourceTree = BUILT_PRODUCTS_DIR; };
		048D7AA82D87241B009FF66E /* Family+CoreDataClass.swift */ = {isa = PBXFileReference; lastKnownFileType = sourcecode.swift; path = "Family+CoreDataClass.swift"; sourceTree = "<group>"; };
		048D7AA92D87241B009FF66E /* Family+CoreDataProperties.swift */ = {isa = PBXFileReference; lastKnownFileType = sourcecode.swift; path = "Family+CoreDataProperties.swift"; sourceTree = "<group>"; };
		048D7AAA2D87241B009FF66E /* Penson+CoreDataClass.swift */ = {isa = PBXFileReference; lastKnownFileType = sourcecode.swift; path = "Penson+CoreDataClass.swift"; sourceTree = "<group>"; };
		048D7AAB2D87241B009FF66E /* Penson+CoreDataProperties.swift */ = {isa = PBXFileReference; lastKnownFileType = sourcecode.swift; path = "Penson+CoreDataProperties.swift"; sourceTree = "<group>"; };
/* End PBXFileReference section */

/* Begin PBXFileSystemSynchronizedRootGroup section */
		048D7A782D8723A5009FF66E /* CoreData_test */ = {
			isa = PBXFileSystemSynchronizedRootGroup;
			path = CoreData_test;
			sourceTree = "<group>";
		};
		048D7A8E2D8723A7009FF66E /* CoreData_testTests */ = {
			isa = PBXFileSystemSynchronizedRootGroup;
			path = CoreData_testTests;
			sourceTree = "<group>";
		};
		048D7A982D8723A7009FF66E /* CoreData_testUITests */ = {
			isa = PBXFileSystemSynchronizedRootGroup;
			path = CoreData_testUITests;
			sourceTree = "<group>";
		};
/* End PBXFileSystemSynchronizedRootGroup section */

/* Begin PBXFrameworksBuildPhase section */
		048D7A732D8723A5009FF66E /* Frameworks */ = {
			isa = PBXFrameworksBuildPhase;
			buildActionMask = 2147483647;
			files = (
			);
			runOnlyForDeploymentPostprocessing = 0;
		};
		048D7A882D8723A7009FF66E /* Frameworks */ = {
			isa = PBXFrameworksBuildPhase;
			buildActionMask = 2147483647;
			files = (
			);
			runOnlyForDeploymentPostprocessing = 0;
		};
		048D7A922D8723A7009FF66E /* Frameworks */ = {
			isa = PBXFrameworksBuildPhase;
			buildActionMask = 2147483647;
			files = (
			);
			runOnlyForDeploymentPostprocessing = 0;
		};
/* End PBXFrameworksBuildPhase section */

/* Begin PBXGroup section */
		048D7A6D2D8723A5009FF66E = {
			isa = PBXGroup;
			children = (
				048D7AA82D87241B009FF66E /* Family+CoreDataClass.swift */,
				048D7AA92D87241B009FF66E /* Family+CoreDataProperties.swift */,
				048D7AAA2D87241B009FF66E /* Penson+CoreDataClass.swift */,
				048D7AAB2D87241B009FF66E /* Penson+CoreDataProperties.swift */,
				048D7A782D8723A5009FF66E /* CoreData_test */,
				048D7A8E2D8723A7009FF66E /* CoreData_testTests */,
				048D7A982D8723A7009FF66E /* CoreData_testUITests */,
				048D7A772D8723A5009FF66E /* Products */,
			);
			sourceTree = "<group>";
		};
		048D7A772D8723A5009FF66E /* Products */ = {
			isa = PBXGroup;
			children = (
				048D7A762D8723A5009FF66E /* CoreData_test.app */,
				048D7A8B2D8723A7009FF66E /* CoreData_testTests.xctest */,
				048D7A952D8723A7009FF66E /* CoreData_testUITests.xctest */,
			);
			name = Products;
			sourceTree = "<group>";
		};
/* End PBXGroup section */

/* Begin PBXNativeTarget section */
		048D7A752D8723A5009FF66E /* CoreData_test */ = {
			isa = PBXNativeTarget;
			buildConfigurationList = 048D7A9F2D8723A7009FF66E /* Build configuration list for PBXNativeTarget "CoreData_test" */;
			buildPhases = (
				048D7A722D8723A5009FF66E /* Sources */,
				048D7A732D8723A5009FF66E /* Frameworks */,
				048D7A742D8723A5009FF66E /* Resources */,
			);
			buildRules = (
			);
			dependencies = (
			);
			fileSystemSynchronizedGroups = (
				048D7A782D8723A5009FF66E /* CoreData_test */,
			);
			name = CoreData_test;
			packageProductDependencies = (
			);
			productName = CoreData_test;
			productReference = 048D7A762D8723A5009FF66E /* CoreData_test.app */;
			productType = "com.apple.product-type.application";
		};
		048D7A8A2D8723A7009FF66E /* CoreData_testTests */ = {
			isa = PBXNativeTarget;
			buildConfigurationList = 048D7AA22D8723A7009FF66E /* Build configuration list for PBXNativeTarget "CoreData_testTests" */;
			buildPhases = (
				048D7A872D8723A7009FF66E /* Sources */,
				048D7A882D8723A7009FF66E /* Frameworks */,
				048D7A892D8723A7009FF66E /* Resources */,
			);
			buildRules = (
			);
			dependencies = (
				048D7A8D2D8723A7009FF66E /* PBXTargetDependency */,
			);
			fileSystemSynchronizedGroups = (
				048D7A8E2D8723A7009FF66E /* CoreData_testTests */,
			);
			name = CoreData_testTests;
			packageProductDependencies = (
			);
			productName = CoreData_testTests;
			productReference = 048D7A8B2D8723A7009FF66E /* CoreData_testTests.xctest */;
			productType = "com.apple.product-type.bundle.unit-test";
		};
		048D7A942D8723A7009FF66E /* CoreData_testUITests */ = {
			isa = PBXNativeTarget;
			buildConfigurationList = 048D7AA52D8723A7009FF66E /* Build configuration list for PBXNativeTarget "CoreData_testUITests" */;
			buildPhases = (
				048D7A912D8723A7009FF66E /* Sources */,
				048D7A922D8723A7009FF66E /* Frameworks */,
				048D7A932D8723A7009FF66E /* Resources */,
			);
			buildRules = (
			);
			dependencies = (
				048D7A972D8723A7009FF66E /* PBXTargetDependency */,
			);
			fileSystemSynchronizedGroups = (
				048D7A982D8723A7009FF66E /* CoreData_testUITests */,
			);
			name = CoreData_testUITests;
			packageProductDependencies = (
			);
			productName = CoreData_testUITests;
			productReference = 048D7A952D8723A7009FF66E /* CoreData_testUITests.xctest */;
			productType = "com.apple.product-type.bundle.ui-testing";
		};
/* End PBXNativeTarget section */

/* Begin PBXProject section */
		048D7A6E2D8723A5009FF66E /* Project object */ = {
			isa = PBXProject;
			attributes = {
				BuildIndependentTargetsInParallel = 1;
				LastSwiftUpdateCheck = 1620;
				LastUpgradeCheck = 1620;
				TargetAttributes = {
					048D7A752D8723A5009FF66E = {
						CreatedOnToolsVersion = 16.2;
					};
					048D7A8A2D8723A7009FF66E = {
						CreatedOnToolsVersion = 16.2;
						TestTargetID = 048D7A752D8723A5009FF66E;
					};
					048D7A942D8723A7009FF66E = {
						CreatedOnToolsVersion = 16.2;
						TestTargetID = 048D7A752D8723A5009FF66E;
					};
				};
			};
			buildConfigurationList = 048D7A712D8723A5009FF66E /* Build configuration list for PBXProject "CoreData_test" */;
			developmentRegion = en;
			hasScannedForEncodings = 0;
			knownRegions = (
				en,
				Base,
			);
			mainGroup = 048D7A6D2D8723A5009FF66E;
			minimizedProjectReferenceProxies = 1;
			preferredProjectObjectVersion = 77;
			productRefGroup = 048D7A772D8723A5009FF66E /* Products */;
			projectDirPath = "";
			projectRoot = "";
			targets = (
				048D7A752D8723A5009FF66E /* CoreData_test */,
				048D7A8A2D8723A7009FF66E /* CoreData_testTests */,
				048D7A942D8723A7009FF66E /* CoreData_testUITests */,
			);
		};
/* End PBXProject section */

/* Begin PBXResourcesBuildPhase section */
		048D7A742D8723A5009FF66E /* Resources */ = {
			isa = PBXResourcesBuildPhase;
			buildActionMask = 2147483647;
			files = (
			);
			runOnlyForDeploymentPostprocessing = 0;
		};
		048D7A892D8723A7009FF66E /* Resources */ = {
			isa = PBXResourcesBuildPhase;
			buildActionMask = 2147483647;
			files = (
			);
			runOnlyForDeploymentPostprocessing = 0;
		};
		048D7A932D8723A7009FF66E /* Resources */ = {
			isa = PBXResourcesBuildPhase;
			buildActionMask = 2147483647;
			files = (
			);
			runOnlyForDeploymentPostprocessing = 0;
		};
/* End PBXResourcesBuildPhase section */

/* Begin PBXSourcesBuildPhase section */
		048D7A722D8723A5009FF66E /* Sources */ = {
			isa = PBXSourcesBuildPhase;
			buildActionMask = 2147483647;
			files = (
				048D7AAC2D87241B009FF66E /* Penson+CoreDataProperties.swift in Sources */,
				048D7AAD2D87241B009FF66E /* Family+CoreDataClass.swift in Sources */,
				048D7AAE2D87241B009FF66E /* Family+CoreDataProperties.swift in Sources */,
				048D7AAF2D87241B009FF66E /* Penson+CoreDataClass.swift in Sources */,
			);
			runOnlyForDeploymentPostprocessing = 0;
		};
		048D7A872D8723A7009FF66E /* Sources */ = {
			isa = PBXSourcesBuildPhase;
			buildActionMask = 2147483647;
			files = (
			);
			runOnlyForDeploymentPostprocessing = 0;
		};
		048D7A912D8723A7009FF66E /* Sources */ = {
			isa = PBXSourcesBuildPhase;
			buildActionMask = 2147483647;
			files = (
			);
			runOnlyForDeploymentPostprocessing = 0;
		};
/* End PBXSourcesBuildPhase section */

/* Begin PBXTargetDependency section */
		048D7A8D2D8723A7009FF66E /* PBXTargetDependency */ = {
			isa = PBXTargetDependency;
			target = 048D7A752D8723A5009FF66E /* CoreData_test */;
			targetProxy = 048D7A8C2D8723A7009FF66E /* PBXContainerItemProxy */;
		};
		048D7A972D8723A7009FF66E /* PBXTargetDependency */ = {
			isa = PBXTargetDependency;
			target = 048D7A752D8723A5009FF66E /* CoreData_test */;
			targetProxy = 048D7A962D8723A7009FF66E /* PBXContainerItemProxy */;
		};
/* End PBXTargetDependency section */

/* Begin XCBuildConfiguration section */
		048D7A9D2D8723A7009FF66E /* Debug */ = {
			isa = XCBuildConfiguration;
			buildSettings = {
				ALWAYS_SEARCH_USER_PATHS = NO;
				ASSETCATALOG_COMPILER_GENERATE_SWIFT_ASSET_SYMBOL_EXTENSIONS = YES;
				CLANG_ANALYZER_NONNULL = YES;
				CLANG_ANALYZER_NUMBER_OBJECT_CONVERSION = YES_AGGRESSIVE;
				CLANG_CXX_LANGUAGE_STANDARD = "gnu++20";
				CLANG_ENABLE_MODULES = YES;
				CLANG_ENABLE_OBJC_ARC = YES;
				CLANG_ENABLE_OBJC_WEAK = YES;
				CLANG_WARN_BLOCK_CAPTURE_AUTORELEASING = YES;
				CLANG_WARN_BOOL_CONVERSION = YES;
				CLANG_WARN_COMMA = YES;
				CLANG_WARN_CONSTANT_CONVERSION = YES;
				CLANG_WARN_DEPRECATED_OBJC_IMPLEMENTATIONS = YES;
				CLANG_WARN_DIRECT_OBJC_ISA_USAGE = YES_ERROR;
				CLANG_WARN_DOCUMENTATION_COMMENTS = YES;
				CLANG_WARN_EMPTY_BODY = YES;
				CLANG_WARN_ENUM_CONVERSION = YES;
				CLANG_WARN_INFINITE_RECURSION = YES;
				CLANG_WARN_INT_CONVERSION = YES;
				CLANG_WARN_NON_LITERAL_NULL_CONVERSION = YES;
				CLANG_WARN_OBJC_IMPLICIT_RETAIN_SELF = YES;
				CLANG_WARN_OBJC_LITERAL_CONVERSION = YES;
				CLANG_WARN_OBJC_ROOT_CLASS = YES_ERROR;
				CLANG_WARN_QUOTED_INCLUDE_IN_FRAMEWORK_HEADER = YES;
				CLANG_WARN_RANGE_LOOP_ANALYSIS = YES;
				CLANG_WARN_STRICT_PROTOTYPES = YES;
				CLANG_WARN_SUSPICIOUS_MOVE = YES;
				CLANG_WARN_UNGUARDED_AVAILABILITY = YES_AGGRESSIVE;
				CLANG_WARN_UNREACHABLE_CODE = YES;
				CLANG_WARN__DUPLICATE_METHOD_MATCH = YES;
				COPY_PHASE_STRIP = NO;
				DEBUG_INFORMATION_FORMAT = dwarf;
				ENABLE_STRICT_OBJC_MSGSEND = YES;
				ENABLE_TESTABILITY = YES;
				ENABLE_USER_SCRIPT_SANDBOXING = YES;
				GCC_C_LANGUAGE_STANDARD = gnu17;
				GCC_DYNAMIC_NO_PIC = NO;
				GCC_NO_COMMON_BLOCKS = YES;
				GCC_OPTIMIZATION_LEVEL = 0;
				GCC_PREPROCESSOR_DEFINITIONS = (
					"DEBUG=1",
					"$(inherited)",
				);
				GCC_WARN_64_TO_32_BIT_CONVERSION = YES;
				GCC_WARN_ABOUT_RETURN_TYPE = YES_ERROR;
				GCC_WARN_UNDECLARED_SELECTOR = YES;
				GCC_WARN_UNINITIALIZED_AUTOS = YES_AGGRESSIVE;
				GCC_WARN_UNUSED_FUNCTION = YES;
				GCC_WARN_UNUSED_VARIABLE = YES;
				IPHONEOS_DEPLOYMENT_TARGET = 18.2;
				LOCALIZATION_PREFERS_STRING_CATALOGS = YES;
				MTL_ENABLE_DEBUG_INFO = INCLUDE_SOURCE;
				MTL_FAST_MATH = YES;
				ONLY_ACTIVE_ARCH = YES;
				SDKROOT = iphoneos;
				SWIFT_ACTIVE_COMPILATION_CONDITIONS = "DEBUG $(inherited)";
				SWIFT_OPTIMIZATION_LEVEL = "-Onone";
			};
			name = Debug;
		};
		048D7A9E2D8723A7009FF66E /* Release */ = {
			isa = XCBuildConfiguration;
			buildSettings = {
				ALWAYS_SEARCH_USER_PATHS = NO;
				ASSETCATALOG_COMPILER_GENERATE_SWIFT_ASSET_SYMBOL_EXTENSIONS = YES;
				CLANG_ANALYZER_NONNULL = YES;
				CLANG_ANALYZER_NUMBER_OBJECT_CONVERSION = YES_AGGRESSIVE;
				CLANG_CXX_LANGUAGE_STANDARD = "gnu++20";
				CLANG_ENABLE_MODULES = YES;
				CLANG_ENABLE_OBJC_ARC = YES;
				CLANG_ENABLE_OBJC_WEAK = YES;
				CLANG_WARN_BLOCK_CAPTURE_AUTORELEASING = YES;
				CLANG_WARN_BOOL_CONVERSION = YES;
				CLANG_WARN_COMMA = YES;
				CLANG_WARN_CONSTANT_CONVERSION = YES;
				CLANG_WARN_DEPRECATED_OBJC_IMPLEMENTATIONS = YES;
				CLANG_WARN_DIRECT_OBJC_ISA_USAGE = YES_ERROR;
				CLANG_WARN_DOCUMENTATION_COMMENTS = YES;
				CLANG_WARN_EMPTY_BODY = YES;
				CLANG_WARN_ENUM_CONVERSION = YES;
				CLANG_WARN_INFINITE_RECURSION = YES;
				CLANG_WARN_INT_CONVERSION = YES;
				CLANG_WARN_NON_LITERAL_NULL_CONVERSION = YES;
				CLANG_WARN_OBJC_IMPLICIT_RETAIN_SELF = YES;
				CLANG_WARN_OBJC_LITERAL_CONVERSION = YES;
				CLANG_WARN_OBJC_ROOT_CLASS = YES_ERROR;
				CLANG_WARN_QUOTED_INCLUDE_IN_FRAMEWORK_HEADER = YES;
				CLANG_WARN_RANGE_LOOP_ANALYSIS = YES;
				CLANG_WARN_STRICT_PROTOTYPES = YES;
				CLANG_WARN_SUSPICIOUS_MOVE = YES;
				CLANG_WARN_UNGUARDED_AVAILABILITY = YES_AGGRESSIVE;
				CLANG_WARN_UNREACHABLE_CODE = YES;
				CLANG_WARN__DUPLICATE_METHOD_MATCH = YES;
				COPY_PHASE_STRIP = NO;
				DEBUG_INFORMATION_FORMAT = "dwarf-with-dsym";
				ENABLE_NS_ASSERTIONS = NO;
				ENABLE_STRICT_OBJC_MSGSEND = YES;
				ENABLE_USER_SCRIPT_SANDBOXING = YES;
				GCC_C_LANGUAGE_STANDARD = gnu17;
				GCC_NO_COMMON_BLOCKS = YES;
				GCC_WARN_64_TO_32_BIT_CONVERSION = YES;
				GCC_WARN_ABOUT_RETURN_TYPE = YES_ERROR;
				GCC_WARN_UNDECLARED_SELECTOR = YES;
				GCC_WARN_UNINITIALIZED_AUTOS = YES_AGGRESSIVE;
				GCC_WARN_UNUSED_FUNCTION = YES;
				GCC_WARN_UNUSED_VARIABLE = YES;
				IPHONEOS_DEPLOYMENT_TARGET = 18.2;
				LOCALIZATION_PREFERS_STRING_CATALOGS = YES;
				MTL_ENABLE_DEBUG_INFO = NO;
				MTL_FAST_MATH = YES;
				SDKROOT = iphoneos;
				SWIFT_COMPILATION_MODE = wholemodule;
				VALIDATE_PRODUCT = YES;
			};
			name = Release;
		};
		048D7AA02D8723A7009FF66E /* Debug */ = {
			isa = XCBuildConfiguration;
			buildSettings = {
				ASSETCATALOG_COMPILER_APPICON_NAME = AppIcon;
				ASSETCATALOG_COMPILER_GLOBAL_ACCENT_COLOR_NAME = AccentColor;
				CODE_SIGN_STYLE = Automatic;
				CURRENT_PROJECT_VERSION = 1;
				DEVELOPMENT_ASSET_PATHS = "\"CoreData_test/Preview Content\"";
				DEVELOPMENT_TEAM = 4B5MGZPPTF;
				ENABLE_PREVIEWS = YES;
				GENERATE_INFOPLIST_FILE = YES;
				INFOPLIST_KEY_UIApplicationSceneManifest_Generation = YES;
				INFOPLIST_KEY_UIApplicationSupportsIndirectInputEvents = YES;
				INFOPLIST_KEY_UILaunchScreen_Generation = YES;
				INFOPLIST_KEY_UISupportedInterfaceOrientations_iPad = "UIInterfaceOrientationPortrait UIInterfaceOrientationPortraitUpsideDown UIInterfaceOrientationLandscapeLeft UIInterfaceOrientationLandscapeRight";
				INFOPLIST_KEY_UISupportedInterfaceOrientations_iPhone = "UIInterfaceOrientationPortrait UIInterfaceOrientationLandscapeLeft UIInterfaceOrientationLandscapeRight";
				LD_RUNPATH_SEARCH_PATHS = (
					"$(inherited)",
					"@executable_path/Frameworks",
				);
				MARKETING_VERSION = 1.0;
				PRODUCT_BUNDLE_IDENTIFIER = "Van-mai.CoreData-test";
				PRODUCT_NAME = "$(TARGET_NAME)";
				SWIFT_EMIT_LOC_STRINGS = YES;
				SWIFT_VERSION = 5.0;
				TARGETED_DEVICE_FAMILY = "1,2";
			};
			name = Debug;
		};
		048D7AA12D8723A7009FF66E /* Release */ = {
			isa = XCBuildConfiguration;
			buildSettings = {
				ASSETCATALOG_COMPILER_APPICON_NAME = AppIcon;
				ASSETCATALOG_COMPILER_GLOBAL_ACCENT_COLOR_NAME = AccentColor;
				CODE_SIGN_STYLE = Automatic;
				CURRENT_PROJECT_VERSION = 1;
				DEVELOPMENT_ASSET_PATHS = "\"CoreData_test/Preview Content\"";
				DEVELOPMENT_TEAM = 4B5MGZPPTF;
				ENABLE_PREVIEWS = YES;
				GENERATE_INFOPLIST_FILE = YES;
				INFOPLIST_KEY_UIApplicationSceneManifest_Generation = YES;
				INFOPLIST_KEY_UIApplicationSupportsIndirectInputEvents = YES;
				INFOPLIST_KEY_UILaunchScreen_Generation = YES;
				INFOPLIST_KEY_UISupportedInterfaceOrientations_iPad = "UIInterfaceOrientationPortrait UIInterfaceOrientationPortraitUpsideDown UIInterfaceOrientationLandscapeLeft UIInterfaceOrientationLandscapeRight";
				INFOPLIST_KEY_UISupportedInterfaceOrientations_iPhone = "UIInterfaceOrientationPortrait UIInterfaceOrientationLandscapeLeft UIInterfaceOrientationLandscapeRight";
				LD_RUNPATH_SEARCH_PATHS = (
					"$(inherited)",
					"@executable_path/Frameworks",
				);
				MARKETING_VERSION = 1.0;
				PRODUCT_BUNDLE_IDENTIFIER = "Van-mai.CoreData-test";
				PRODUCT_NAME = "$(TARGET_NAME)";
				SWIFT_EMIT_LOC_STRINGS = YES;
				SWIFT_VERSION = 5.0;
				TARGETED_DEVICE_FAMILY = "1,2";
			};
			name = Release;
		};
		048D7AA32D8723A7009FF66E /* Debug */ = {
			isa = XCBuildConfiguration;
			buildSettings = {
				BUNDLE_LOADER = "$(TEST_HOST)";
				CODE_SIGN_STYLE = Automatic;
				CURRENT_PROJECT_VERSION = 1;
				DEVELOPMENT_TEAM = 4B5MGZPPTF;
				GENERATE_INFOPLIST_FILE = YES;
				IPHONEOS_DEPLOYMENT_TARGET = 18.2;
				MARKETING_VERSION = 1.0;
				PRODUCT_BUNDLE_IDENTIFIER = "Van-mai.CoreData-testTests";
				PRODUCT_NAME = "$(TARGET_NAME)";
				SWIFT_EMIT_LOC_STRINGS = NO;
				SWIFT_VERSION = 5.0;
				TARGETED_DEVICE_FAMILY = "1,2";
				TEST_HOST = "$(BUILT_PRODUCTS_DIR)/CoreData_test.app/$(BUNDLE_EXECUTABLE_FOLDER_PATH)/CoreData_test";
			};
			name = Debug;
		};
		048D7AA42D8723A7009FF66E /* Release */ = {
			isa = XCBuildConfiguration;
			buildSettings = {
				BUNDLE_LOADER = "$(TEST_HOST)";
				CODE_SIGN_STYLE = Automatic;
				CURRENT_PROJECT_VERSION = 1;
				DEVELOPMENT_TEAM = 4B5MGZPPTF;
				GENERATE_INFOPLIST_FILE = YES;
				IPHONEOS_DEPLOYMENT_TARGET = 18.2;
				MARKETING_VERSION = 1.0;
				PRODUCT_BUNDLE_IDENTIFIER = "Van-mai.CoreData-testTests";
				PRODUCT_NAME = "$(TARGET_NAME)";
				SWIFT_EMIT_LOC_STRINGS = NO;
				SWIFT_VERSION = 5.0;
				TARGETED_DEVICE_FAMILY = "1,2";
				TEST_HOST = "$(BUILT_PRODUCTS_DIR)/CoreData_test.app/$(BUNDLE_EXECUTABLE_FOLDER_PATH)/CoreData_test";
			};
			name = Release;
		};
		048D7AA62D8723A7009FF66E /* Debug */ = {
			isa = XCBuildConfiguration;
			buildSettings = {
				CODE_SIGN_STYLE = Automatic;
				CURRENT_PROJECT_VERSION = 1;
				DEVELOPMENT_TEAM = 4B5MGZPPTF;
				GENERATE_INFOPLIST_FILE = YES;
				MARKETING_VERSION = 1.0;
				PRODUCT_BUNDLE_IDENTIFIER = "Van-mai.CoreData-testUITests";
				PRODUCT_NAME = "$(TARGET_NAME)";
				SWIFT_EMIT_LOC_STRINGS = NO;
				SWIFT_VERSION = 5.0;
				TARGETED_DEVICE_FAMILY = "1,2";
				TEST_TARGET_NAME = CoreData_test;
			};
			name = Debug;
		};
		048D7AA72D8723A7009FF66E /* Release */ = {
			isa = XCBuildConfiguration;
			buildSettings = {
				CODE_SIGN_STYLE = Automatic;
				CURRENT_PROJECT_VERSION = 1;
				DEVELOPMENT_TEAM = 4B5MGZPPTF;
				GENERATE_INFOPLIST_FILE = YES;
				MARKETING_VERSION = 1.0;
				PRODUCT_BUNDLE_IDENTIFIER = "Van-mai.CoreData-testUITests";
				PRODUCT_NAME = "$(TARGET_NAME)";
				SWIFT_EMIT_LOC_STRINGS = NO;
				SWIFT_VERSION = 5.0;
				TARGETED_DEVICE_FAMILY = "1,2";
				TEST_TARGET_NAME = CoreData_test;
			};
			name = Release;
		};
/* End XCBuildConfiguration section */

/* Begin XCConfigurationList section */
		048D7A712D8723A5009FF66E /* Build configuration list for PBXProject "CoreData_test" */ = {
			isa = XCConfigurationList;
			buildConfigurations = (
				048D7A9D2D8723A7009FF66E /* Debug */,
				048D7A9E2D8723A7009FF66E /* Release */,
			);
			defaultConfigurationIsVisible = 0;
			defaultConfigurationName = Release;
		};
		048D7A9F2D8723A7009FF66E /* Build configuration list for PBXNativeTarget "CoreData_test" */ = {
			isa = XCConfigurationList;
			buildConfigurations = (
				048D7AA02D8723A7009FF66E /* Debug */,
				048D7AA12D8723A7009FF66E /* Release */,
			);
			defaultConfigurationIsVisible = 0;
			defaultConfigurationName = Release;
		};
		048D7AA22D8723A7009FF66E /* Build configuration list for PBXNativeTarget "CoreData_testTests" */ = {
			isa = XCConfigurationList;
			buildConfigurations = (
				048D7AA32D8723A7009FF66E /* Debug */,
				048D7AA42D8723A7009FF66E /* Release */,
			);
			defaultConfigurationIsVisible = 0;
			defaultConfigurationName = Release;
		};
		048D7AA52D8723A7009FF66E /* Build configuration list for PBXNativeTarget "CoreData_testUITests" */ = {
			isa = XCConfigurationList;
			buildConfigurations = (
				048D7AA62D8723A7009FF66E /* Debug */,
				048D7AA72D8723A7009FF66E /* Release */,
			);
			defaultConfigurationIsVisible = 0;
			defaultConfigurationName = Release;
		};
/* End XCConfigurationList section */
	};
	rootObject = 048D7A6E2D8723A5009FF66E /* Project object */;
}
