// !$*UTF8*$!
{
	archiveVersion = 1;
	classes = {
	};
	objectVersion = 77;
	objects = {

/* Begin PBXContainerItemProxy section */
		0403E5972D748D3B003307C3 /* PBXContainerItemProxy */ = {
			isa = PBXContainerItemProxy;
			containerPortal = 0403E5782D748D39003307C3 /* Project object */;
			proxyType = 1;
			remoteGlobalIDString = 0403E57F2D748D39003307C3;
			remoteInfo = beganLearningSwift;
		};
		0403E5A12D748D3B003307C3 /* PBXContainerItemProxy */ = {
			isa = PBXContainerItemProxy;
			containerPortal = 0403E5782D748D39003307C3 /* Project object */;
			proxyType = 1;
			remoteGlobalIDString = 0403E57F2D748D39003307C3;
			remoteInfo = beganLearningSwift;
		};
/* End PBXContainerItemProxy section */

/* Begin PBXFileReference section */
		0403E5802D748D39003307C3 /* beganLearningSwift.app */ = {isa = PBXFileReference; explicitFileType = wrapper.application; includeInIndex = 0; path = beganLearningSwift.app; sourceTree = BUILT_PRODUCTS_DIR; };
		0403E5962D748D3B003307C3 /* beganLearningSwiftTests.xctest */ = {isa = PBXFileReference; explicitFileType = wrapper.cfbundle; includeInIndex = 0; path = beganLearningSwiftTests.xctest; sourceTree = BUILT_PRODUCTS_DIR; };
		0403E5A02D748D3B003307C3 /* beganLearningSwiftUITests.xctest */ = {isa = PBXFileReference; explicitFileType = wrapper.cfbundle; includeInIndex = 0; path = beganLearningSwiftUITests.xctest; sourceTree = BUILT_PRODUCTS_DIR; };
/* End PBXFileReference section */

/* Begin PBXFileSystemSynchronizedBuildFileExceptionSet section */
		0403E5A82D748D3B003307C3 /* Exceptions for "beganLearningSwift" folder in "beganLearningSwift" target */ = {
			isa = PBXFileSystemSynchronizedBuildFileExceptionSet;
			membershipExceptions = (
				Info.plist,
			);
			target = 0403E57F2D748D39003307C3 /* beganLearningSwift */;
		};
/* End PBXFileSystemSynchronizedBuildFileExceptionSet section */

/* Begin PBXFileSystemSynchronizedRootGroup section */
		0403E5822D748D39003307C3 /* beganLearningSwift */ = {
			isa = PBXFileSystemSynchronizedRootGroup;
			exceptions = (
				0403E5A82D748D3B003307C3 /* Exceptions for "beganLearningSwift" folder in "beganLearningSwift" target */,
			);
			path = beganLearningSwift;
			sourceTree = "<group>";
		};
		0403E5992D748D3B003307C3 /* beganLearningSwiftTests */ = {
			isa = PBXFileSystemSynchronizedRootGroup;
			path = beganLearningSwiftTests;
			sourceTree = "<group>";
		};
		0403E5A32D748D3B003307C3 /* beganLearningSwiftUITests */ = {
			isa = PBXFileSystemSynchronizedRootGroup;
			path = beganLearningSwiftUITests;
			sourceTree = "<group>";
		};
/* End PBXFileSystemSynchronizedRootGroup section */

/* Begin PBXFrameworksBuildPhase section */
		0403E57D2D748D39003307C3 /* Frameworks */ = {
			isa = PBXFrameworksBuildPhase;
			buildActionMask = 2147483647;
			files = (
			);
			runOnlyForDeploymentPostprocessing = 0;
		};
		0403E5932D748D3B003307C3 /* Frameworks */ = {
			isa = PBXFrameworksBuildPhase;
			buildActionMask = 2147483647;
			files = (
			);
			runOnlyForDeploymentPostprocessing = 0;
		};
		0403E59D2D748D3B003307C3 /* Frameworks */ = {
			isa = PBXFrameworksBuildPhase;
			buildActionMask = 2147483647;
			files = (
			);
			runOnlyForDeploymentPostprocessing = 0;
		};
/* End PBXFrameworksBuildPhase section */

/* Begin PBXGroup section */
		0403E5772D748D39003307C3 = {
			isa = PBXGroup;
			children = (
				0403E5822D748D39003307C3 /* beganLearningSwift */,
				0403E5992D748D3B003307C3 /* beganLearningSwiftTests */,
				0403E5A32D748D3B003307C3 /* beganLearningSwiftUITests */,
				0403E5812D748D39003307C3 /* Products */,
			);
			sourceTree = "<group>";
		};
		0403E5812D748D39003307C3 /* Products */ = {
			isa = PBXGroup;
			children = (
				0403E5802D748D39003307C3 /* beganLearningSwift.app */,
				0403E5962D748D3B003307C3 /* beganLearningSwiftTests.xctest */,
				0403E5A02D748D3B003307C3 /* beganLearningSwiftUITests.xctest */,
			);
			name = Products;
			sourceTree = "<group>";
		};
/* End PBXGroup section */

/* Begin PBXNativeTarget section */
		0403E57F2D748D39003307C3 /* beganLearningSwift */ = {
			isa = PBXNativeTarget;
			buildConfigurationList = 0403E5A92D748D3B003307C3 /* Build configuration list for PBXNativeTarget "beganLearningSwift" */;
			buildPhases = (
				0403E57C2D748D39003307C3 /* Sources */,
				0403E57D2D748D39003307C3 /* Frameworks */,
				0403E57E2D748D39003307C3 /* Resources */,
			);
			buildRules = (
			);
			dependencies = (
			);
			fileSystemSynchronizedGroups = (
				0403E5822D748D39003307C3 /* beganLearningSwift */,
			);
			name = beganLearningSwift;
			packageProductDependencies = (
			);
			productName = beganLearningSwift;
			productReference = 0403E5802D748D39003307C3 /* beganLearningSwift.app */;
			productType = "com.apple.product-type.application";
		};
		0403E5952D748D3B003307C3 /* beganLearningSwiftTests */ = {
			isa = PBXNativeTarget;
			buildConfigurationList = 0403E5AE2D748D3B003307C3 /* Build configuration list for PBXNativeTarget "beganLearningSwiftTests" */;
			buildPhases = (
				0403E5922D748D3B003307C3 /* Sources */,
				0403E5932D748D3B003307C3 /* Frameworks */,
				0403E5942D748D3B003307C3 /* Resources */,
			);
			buildRules = (
			);
			dependencies = (
				0403E5982D748D3B003307C3 /* PBXTargetDependency */,
			);
			fileSystemSynchronizedGroups = (
				0403E5992D748D3B003307C3 /* beganLearningSwiftTests */,
			);
			name = beganLearningSwiftTests;
			packageProductDependencies = (
			);
			productName = beganLearningSwiftTests;
			productReference = 0403E5962D748D3B003307C3 /* beganLearningSwiftTests.xctest */;
			productType = "com.apple.product-type.bundle.unit-test";
		};
		0403E59F2D748D3B003307C3 /* beganLearningSwiftUITests */ = {
			isa = PBXNativeTarget;
			buildConfigurationList = 0403E5B12D748D3B003307C3 /* Build configuration list for PBXNativeTarget "beganLearningSwiftUITests" */;
			buildPhases = (
				0403E59C2D748D3B003307C3 /* Sources */,
				0403E59D2D748D3B003307C3 /* Frameworks */,
				0403E59E2D748D3B003307C3 /* Resources */,
			);
			buildRules = (
			);
			dependencies = (
				0403E5A22D748D3B003307C3 /* PBXTargetDependency */,
			);
			fileSystemSynchronizedGroups = (
				0403E5A32D748D3B003307C3 /* beganLearningSwiftUITests */,
			);
			name = beganLearningSwiftUITests;
			packageProductDependencies = (
			);
			productName = beganLearningSwiftUITests;
			productReference = 0403E5A02D748D3B003307C3 /* beganLearningSwiftUITests.xctest */;
			productType = "com.apple.product-type.bundle.ui-testing";
		};
/* End PBXNativeTarget section */

/* Begin PBXProject section */
		0403E5782D748D39003307C3 /* Project object */ = {
			isa = PBXProject;
			attributes = {
				BuildIndependentTargetsInParallel = 1;
				LastSwiftUpdateCheck = 1620;
				LastUpgradeCheck = 1620;
				TargetAttributes = {
					0403E57F2D748D39003307C3 = {
						CreatedOnToolsVersion = 16.2;
					};
					0403E5952D748D3B003307C3 = {
						CreatedOnToolsVersion = 16.2;
						TestTargetID = 0403E57F2D748D39003307C3;
					};
					0403E59F2D748D3B003307C3 = {
						CreatedOnToolsVersion = 16.2;
						TestTargetID = 0403E57F2D748D39003307C3;
					};
				};
			};
			buildConfigurationList = 0403E57B2D748D39003307C3 /* Build configuration list for PBXProject "beganLearningSwift" */;
			developmentRegion = en;
			hasScannedForEncodings = 0;
			knownRegions = (
				en,
				Base,
			);
			mainGroup = 0403E5772D748D39003307C3;
			minimizedProjectReferenceProxies = 1;
			preferredProjectObjectVersion = 77;
			productRefGroup = 0403E5812D748D39003307C3 /* Products */;
			projectDirPath = "";
			projectRoot = "";
			targets = (
				0403E57F2D748D39003307C3 /* beganLearningSwift */,
				0403E5952D748D3B003307C3 /* beganLearningSwiftTests */,
				0403E59F2D748D3B003307C3 /* beganLearningSwiftUITests */,
			);
		};
/* End PBXProject section */

/* Begin PBXResourcesBuildPhase section */
		0403E57E2D748D39003307C3 /* Resources */ = {
			isa = PBXResourcesBuildPhase;
			buildActionMask = 2147483647;
			files = (
			);
			runOnlyForDeploymentPostprocessing = 0;
		};
		0403E5942D748D3B003307C3 /* Resources */ = {
			isa = PBXResourcesBuildPhase;
			buildActionMask = 2147483647;
			files = (
			);
			runOnlyForDeploymentPostprocessing = 0;
		};
		0403E59E2D748D3B003307C3 /* Resources */ = {
			isa = PBXResourcesBuildPhase;
			buildActionMask = 2147483647;
			files = (
			);
			runOnlyForDeploymentPostprocessing = 0;
		};
/* End PBXResourcesBuildPhase section */

/* Begin PBXSourcesBuildPhase section */
		0403E57C2D748D39003307C3 /* Sources */ = {
			isa = PBXSourcesBuildPhase;
			buildActionMask = 2147483647;
			files = (
			);
			runOnlyForDeploymentPostprocessing = 0;
		};
		0403E5922D748D3B003307C3 /* Sources */ = {
			isa = PBXSourcesBuildPhase;
			buildActionMask = 2147483647;
			files = (
			);
			runOnlyForDeploymentPostprocessing = 0;
		};
		0403E59C2D748D3B003307C3 /* Sources */ = {
			isa = PBXSourcesBuildPhase;
			buildActionMask = 2147483647;
			files = (
			);
			runOnlyForDeploymentPostprocessing = 0;
		};
/* End PBXSourcesBuildPhase section */

/* Begin PBXTargetDependency section */
		0403E5982D748D3B003307C3 /* PBXTargetDependency */ = {
			isa = PBXTargetDependency;
			target = 0403E57F2D748D39003307C3 /* beganLearningSwift */;
			targetProxy = 0403E5972D748D3B003307C3 /* PBXContainerItemProxy */;
		};
		0403E5A22D748D3B003307C3 /* PBXTargetDependency */ = {
			isa = PBXTargetDependency;
			target = 0403E57F2D748D39003307C3 /* beganLearningSwift */;
			targetProxy = 0403E5A12D748D3B003307C3 /* PBXContainerItemProxy */;
		};
/* End PBXTargetDependency section */

/* Begin XCBuildConfiguration section */
		0403E5AA2D748D3B003307C3 /* Debug */ = {
			isa = XCBuildConfiguration;
			buildSettings = {
				ASSETCATALOG_COMPILER_APPICON_NAME = AppIcon;
				ASSETCATALOG_COMPILER_GLOBAL_ACCENT_COLOR_NAME = AccentColor;
				CODE_SIGN_STYLE = Automatic;
				CURRENT_PROJECT_VERSION = 1;
				GENERATE_INFOPLIST_FILE = YES;
				INFOPLIST_FILE = beganLearningSwift/Info.plist;
				INFOPLIST_KEY_UIApplicationSupportsIndirectInputEvents = YES;
				INFOPLIST_KEY_UILaunchStoryboardName = LaunchScreen;
				INFOPLIST_KEY_UIMainStoryboardFile = Main;
				INFOPLIST_KEY_UISupportedInterfaceOrientations_iPad = "UIInterfaceOrientationPortrait UIInterfaceOrientationPortraitUpsideDown UIInterfaceOrientationLandscapeLeft UIInterfaceOrientationLandscapeRight";
				INFOPLIST_KEY_UISupportedInterfaceOrientations_iPhone = "UIInterfaceOrientationPortrait UIInterfaceOrientationLandscapeLeft UIInterfaceOrientationLandscapeRight";
				LD_RUNPATH_SEARCH_PATHS = (
					"$(inherited)",
					"@executable_path/Frameworks",
				);
				MARKETING_VERSION = 1.0;
				PRODUCT_BUNDLE_IDENTIFIER = "Van-mai.beganLearningSwift";
				PRODUCT_NAME = "$(TARGET_NAME)";
				SWIFT_EMIT_LOC_STRINGS = YES;
				SWIFT_VERSION = 5.0;
				TARGETED_DEVICE_FAMILY = "1,2";
			};
			name = Debug;
		};
		0403E5AB2D748D3B003307C3 /* Release */ = {
			isa = XCBuildConfiguration;
			buildSettings = {
				ASSETCATALOG_COMPILER_APPICON_NAME = AppIcon;
				ASSETCATALOG_COMPILER_GLOBAL_ACCENT_COLOR_NAME = AccentColor;
				CODE_SIGN_STYLE = Automatic;
				CURRENT_PROJECT_VERSION = 1;
				GENERATE_INFOPLIST_FILE = YES;
				INFOPLIST_FILE = beganLearningSwift/Info.plist;
				INFOPLIST_KEY_UIApplicationSupportsIndirectInputEvents = YES;
				INFOPLIST_KEY_UILaunchStoryboardName = LaunchScreen;
				INFOPLIST_KEY_UIMainStoryboardFile = Main;
				INFOPLIST_KEY_UISupportedInterfaceOrientations_iPad = "UIInterfaceOrientationPortrait UIInterfaceOrientationPortraitUpsideDown UIInterfaceOrientationLandscapeLeft UIInterfaceOrientationLandscapeRight";
				INFOPLIST_KEY_UISupportedInterfaceOrientations_iPhone = "UIInterfaceOrientationPortrait UIInterfaceOrientationLandscapeLeft UIInterfaceOrientationLandscapeRight";
				LD_RUNPATH_SEARCH_PATHS = (
					"$(inherited)",
					"@executable_path/Frameworks",
				);
				MARKETING_VERSION = 1.0;
				PRODUCT_BUNDLE_IDENTIFIER = "Van-mai.beganLearningSwift";
				PRODUCT_NAME = "$(TARGET_NAME)";
				SWIFT_EMIT_LOC_STRINGS = YES;
				SWIFT_VERSION = 5.0;
				TARGETED_DEVICE_FAMILY = "1,2";
			};
			name = Release;
		};
		0403E5AC2D748D3B003307C3 /* Debug */ = {
			isa = XCBuildConfiguration;
			buildSettings = {
				ALWAYS_SEARCH_USER_PATHS = NO;
				ASSETCATALOG_COMPILER_GENERATE_SWIFT_ASSET_SYMBOL_EXTENSIONS = YES;
				CLANG_ANALYZER_NONNULL = YES;
				CLANG_ANALYZER_NUMBER_OBJECT_CONVERSION = YES_AGGRESSIVE;
				CLANG_CXX_LANGUAGE_STANDARD = "gnu++20";
				CLANG_ENABLE_MODULES = YES;
				CLANG_ENABLE_OBJC_ARC = YES;
				CLANG_ENABLE_OBJC_WEAK = YES;
				CLANG_WARN_BLOCK_CAPTURE_AUTORELEASING = YES;
				CLANG_WARN_BOOL_CONVERSION = YES;
				CLANG_WARN_COMMA = YES;
				CLANG_WARN_CONSTANT_CONVERSION = YES;
				CLANG_WARN_DEPRECATED_OBJC_IMPLEMENTATIONS = YES;
				CLANG_WARN_DIRECT_OBJC_ISA_USAGE = YES_ERROR;
				CLANG_WARN_DOCUMENTATION_COMMENTS = YES;
				CLANG_WARN_EMPTY_BODY = YES;
				CLANG_WARN_ENUM_CONVERSION = YES;
				CLANG_WARN_INFINITE_RECURSION = YES;
				CLANG_WARN_INT_CONVERSION = YES;
				CLANG_WARN_NON_LITERAL_NULL_CONVERSION = YES;
				CLANG_WARN_OBJC_IMPLICIT_RETAIN_SELF = YES;
				CLANG_WARN_OBJC_LITERAL_CONVERSION = YES;
				CLANG_WARN_OBJC_ROOT_CLASS = YES_ERROR;
				CLANG_WARN_QUOTED_INCLUDE_IN_FRAMEWORK_HEADER = YES;
				CLANG_WARN_RANGE_LOOP_ANALYSIS = YES;
				CLANG_WARN_STRICT_PROTOTYPES = YES;
				CLANG_WARN_SUSPICIOUS_MOVE = YES;
				CLANG_WARN_UNGUARDED_AVAILABILITY = YES_AGGRESSIVE;
				CLANG_WARN_UNREACHABLE_CODE = YES;
				CLANG_WARN__DUPLICATE_METHOD_MATCH = YES;
				COPY_PHASE_STRIP = NO;
				DEBUG_INFORMATION_FORMAT = dwarf;
				ENABLE_STRICT_OBJC_MSGSEND = YES;
				ENABLE_TESTABILITY = YES;
				ENABLE_USER_SCRIPT_SANDBOXING = YES;
				GCC_C_LANGUAGE_STANDARD = gnu17;
				GCC_DYNAMIC_NO_PIC = NO;
				GCC_NO_COMMON_BLOCKS = YES;
				GCC_OPTIMIZATION_LEVEL = 0;
				GCC_PREPROCESSOR_DEFINITIONS = (
					"DEBUG=1",
					"$(inherited)",
				);
				GCC_WARN_64_TO_32_BIT_CONVERSION = YES;
				GCC_WARN_ABOUT_RETURN_TYPE = YES_ERROR;
				GCC_WARN_UNDECLARED_SELECTOR = YES;
				GCC_WARN_UNINITIALIZED_AUTOS = YES_AGGRESSIVE;
				GCC_WARN_UNUSED_FUNCTION = YES;
				GCC_WARN_UNUSED_VARIABLE = YES;
				IPHONEOS_DEPLOYMENT_TARGET = 18.2;
				LOCALIZATION_PREFERS_STRING_CATALOGS = YES;
				MTL_ENABLE_DEBUG_INFO = INCLUDE_SOURCE;
				MTL_FAST_MATH = YES;
				ONLY_ACTIVE_ARCH = YES;
				SDKROOT = iphoneos;
				SWIFT_ACTIVE_COMPILATION_CONDITIONS = "DEBUG $(inherited)";
				SWIFT_OPTIMIZATION_LEVEL = "-Onone";
			};
			name = Debug;
		};
		0403E5AD2D748D3B003307C3 /* Release */ = {
			isa = XCBuildConfiguration;
			buildSettings = {
				ALWAYS_SEARCH_USER_PATHS = NO;
				ASSETCATALOG_COMPILER_GENERATE_SWIFT_ASSET_SYMBOL_EXTENSIONS = YES;
				CLANG_ANALYZER_NONNULL = YES;
				CLANG_ANALYZER_NUMBER_OBJECT_CONVERSION = YES_AGGRESSIVE;
				CLANG_CXX_LANGUAGE_STANDARD = "gnu++20";
				CLANG_ENABLE_MODULES = YES;
				CLANG_ENABLE_OBJC_ARC = YES;
				CLANG_ENABLE_OBJC_WEAK = YES;
				CLANG_WARN_BLOCK_CAPTURE_AUTORELEASING = YES;
				CLANG_WARN_BOOL_CONVERSION = YES;
				CLANG_WARN_COMMA = YES;
				CLANG_WARN_CONSTANT_CONVERSION = YES;
				CLANG_WARN_DEPRECATED_OBJC_IMPLEMENTATIONS = YES;
				CLANG_WARN_DIRECT_OBJC_ISA_USAGE = YES_ERROR;
				CLANG_WARN_DOCUMENTATION_COMMENTS = YES;
				CLANG_WARN_EMPTY_BODY = YES;
				CLANG_WARN_ENUM_CONVERSION = YES;
				CLANG_WARN_INFINITE_RECURSION = YES;
				CLANG_WARN_INT_CONVERSION = YES;
				CLANG_WARN_NON_LITERAL_NULL_CONVERSION = YES;
				CLANG_WARN_OBJC_IMPLICIT_RETAIN_SELF = YES;
				CLANG_WARN_OBJC_LITERAL_CONVERSION = YES;
				CLANG_WARN_OBJC_ROOT_CLASS = YES_ERROR;
				CLANG_WARN_QUOTED_INCLUDE_IN_FRAMEWORK_HEADER = YES;
				CLANG_WARN_RANGE_LOOP_ANALYSIS = YES;
				CLANG_WARN_STRICT_PROTOTYPES = YES;
				CLANG_WARN_SUSPICIOUS_MOVE = YES;
				CLANG_WARN_UNGUARDED_AVAILABILITY = YES_AGGRESSIVE;
				CLANG_WARN_UNREACHABLE_CODE = YES;
				CLANG_WARN__DUPLICATE_METHOD_MATCH = YES;
				COPY_PHASE_STRIP = NO;
				DEBUG_INFORMATION_FORMAT = "dwarf-with-dsym";
				ENABLE_NS_ASSERTIONS = NO;
				ENABLE_STRICT_OBJC_MSGSEND = YES;
				ENABLE_USER_SCRIPT_SANDBOXING = YES;
				GCC_C_LANGUAGE_STANDARD = gnu17;
				GCC_NO_COMMON_BLOCKS = YES;
				GCC_WARN_64_TO_32_BIT_CONVERSION = YES;
				GCC_WARN_ABOUT_RETURN_TYPE = YES_ERROR;
				GCC_WARN_UNDECLARED_SELECTOR = YES;
				GCC_WARN_UNINITIALIZED_AUTOS = YES_AGGRESSIVE;
				GCC_WARN_UNUSED_FUNCTION = YES;
				GCC_WARN_UNUSED_VARIABLE = YES;
				IPHONEOS_DEPLOYMENT_TARGET = 18.2;
				LOCALIZATION_PREFERS_STRING_CATALOGS = YES;
				MTL_ENABLE_DEBUG_INFO = NO;
				MTL_FAST_MATH = YES;
				SDKROOT = iphoneos;
				SWIFT_COMPILATION_MODE = wholemodule;
				VALIDATE_PRODUCT = YES;
			};
			name = Release;
		};
		0403E5AF2D748D3B003307C3 /* Debug */ = {
			isa = XCBuildConfiguration;
			buildSettings = {
				BUNDLE_LOADER = "$(TEST_HOST)";
				CODE_SIGN_STYLE = Automatic;
				CURRENT_PROJECT_VERSION = 1;
				GENERATE_INFOPLIST_FILE = YES;
				IPHONEOS_DEPLOYMENT_TARGET = 18.2;
				MARKETING_VERSION = 1.0;
				PRODUCT_BUNDLE_IDENTIFIER = "Van-mai.beganLearningSwiftTests";
				PRODUCT_NAME = "$(TARGET_NAME)";
				SWIFT_EMIT_LOC_STRINGS = NO;
				SWIFT_VERSION = 5.0;
				TARGETED_DEVICE_FAMILY = "1,2";
				TEST_HOST = "$(BUILT_PRODUCTS_DIR)/beganLearningSwift.app/$(BUNDLE_EXECUTABLE_FOLDER_PATH)/beganLearningSwift";
			};
			name = Debug;
		};
		0403E5B02D748D3B003307C3 /* Release */ = {
			isa = XCBuildConfiguration;
			buildSettings = {
				BUNDLE_LOADER = "$(TEST_HOST)";
				CODE_SIGN_STYLE = Automatic;
				CURRENT_PROJECT_VERSION = 1;
				GENERATE_INFOPLIST_FILE = YES;
				IPHONEOS_DEPLOYMENT_TARGET = 18.2;
				MARKETING_VERSION = 1.0;
				PRODUCT_BUNDLE_IDENTIFIER = "Van-mai.beganLearningSwiftTests";
				PRODUCT_NAME = "$(TARGET_NAME)";
				SWIFT_EMIT_LOC_STRINGS = NO;
				SWIFT_VERSION = 5.0;
				TARGETED_DEVICE_FAMILY = "1,2";
				TEST_HOST = "$(BUILT_PRODUCTS_DIR)/beganLearningSwift.app/$(BUNDLE_EXECUTABLE_FOLDER_PATH)/beganLearningSwift";
			};
			name = Release;
		};
		0403E5B22D748D3B003307C3 /* Debug */ = {
			isa = XCBuildConfiguration;
			buildSettings = {
				CODE_SIGN_STYLE = Automatic;
				CURRENT_PROJECT_VERSION = 1;
				GENERATE_INFOPLIST_FILE = YES;
				MARKETING_VERSION = 1.0;
				PRODUCT_BUNDLE_IDENTIFIER = "Van-mai.beganLearningSwiftUITests";
				PRODUCT_NAME = "$(TARGET_NAME)";
				SWIFT_EMIT_LOC_STRINGS = NO;
				SWIFT_VERSION = 5.0;
				TARGETED_DEVICE_FAMILY = "1,2";
				TEST_TARGET_NAME = beganLearningSwift;
			};
			name = Debug;
		};
		0403E5B32D748D3B003307C3 /* Release */ = {
			isa = XCBuildConfiguration;
			buildSettings = {
				CODE_SIGN_STYLE = Automatic;
				CURRENT_PROJECT_VERSION = 1;
				GENERATE_INFOPLIST_FILE = YES;
				MARKETING_VERSION = 1.0;
				PRODUCT_BUNDLE_IDENTIFIER = "Van-mai.beganLearningSwiftUITests";
				PRODUCT_NAME = "$(TARGET_NAME)";
				SWIFT_EMIT_LOC_STRINGS = NO;
				SWIFT_VERSION = 5.0;
				TARGETED_DEVICE_FAMILY = "1,2";
				TEST_TARGET_NAME = beganLearningSwift;
			};
			name = Release;
		};
/* End XCBuildConfiguration section */

/* Begin XCConfigurationList section */
		0403E57B2D748D39003307C3 /* Build configuration list for PBXProject "beganLearningSwift" */ = {
			isa = XCConfigurationList;
			buildConfigurations = (
				0403E5AC2D748D3B003307C3 /* Debug */,
				0403E5AD2D748D3B003307C3 /* Release */,
			);
			defaultConfigurationIsVisible = 0;
			defaultConfigurationName = Release;
		};
		0403E5A92D748D3B003307C3 /* Build configuration list for PBXNativeTarget "beganLearningSwift" */ = {
			isa = XCConfigurationList;
			buildConfigurations = (
				0403E5AA2D748D3B003307C3 /* Debug */,
				0403E5AB2D748D3B003307C3 /* Release */,
			);
			defaultConfigurationIsVisible = 0;
			defaultConfigurationName = Release;
		};
		0403E5AE2D748D3B003307C3 /* Build configuration list for PBXNativeTarget "beganLearningSwiftTests" */ = {
			isa = XCConfigurationList;
			buildConfigurations = (
				0403E5AF2D748D3B003307C3 /* Debug */,
				0403E5B02D748D3B003307C3 /* Release */,
			);
			defaultConfigurationIsVisible = 0;
			defaultConfigurationName = Release;
		};
		0403E5B12D748D3B003307C3 /* Build configuration list for PBXNativeTarget "beganLearningSwiftUITests" */ = {
			isa = XCConfigurationList;
			buildConfigurations = (
				0403E5B22D748D3B003307C3 /* Debug */,
				0403E5B32D748D3B003307C3 /* Release */,
			);
			defaultConfigurationIsVisible = 0;
			defaultConfigurationName = Release;
		};
/* End XCConfigurationList section */
	};
	rootObject = 0403E5782D748D39003307C3 /* Project object */;
}
